
Microsoft Visual Studio Solution File, Format Version 12.00
# Visual Studio Version 16
VisualStudioVersion = 16.0.31019.35
MinimumVisualStudioVersion = 10.0.40219.1
Project("{FAE04EC0-301F-11D3-BF4B-00C04F79EFBC}") = "Orange_Spotkajmy_sie", "Orange_Spotkajmy_sie\Orange_Spotkajmy_sie.csproj", "{D8241087-2E58-42F7-BF90-B03AB6C639C8}"
EndProject
Global
	GlobalSection(SolutionConfigurationPlatforms) = preSolution
		Debug|Any CPU = Debug|Any CPU
		Release|Any CPU = Release|Any CPU
	EndGlobalSection
	GlobalSection(ProjectConfigurationPlatforms) = postSolution
		{D8241087-2E58-42F7-BF90-B03AB6C639C8}.Debug|Any CPU.ActiveCfg = Debug|Any CPU
		{D8241087-2E58-42F7-BF90-B03AB6C639C8}.Debug|Any CPU.Build.0 = Debug|Any CPU
		{D8241087-2E58-42F7-BF90-B03AB6C639C8}.Release|Any CPU.ActiveCfg = Release|Any CPU
		{D8241087-2E58-42F7-BF90-B03AB6C639C8}.Release|Any CPU.Build.0 = Release|Any CPU
	EndGlobalSection
	GlobalSection(SolutionProperties) = preSolution
		HideSolutionNode = FALSE
	EndGlobalSection
	GlobalSection(ExtensibilityGlobals) = postSolution
		SolutionGuid = {C1554785-AEAA-4806-9E89-78CCB82E0328}
	EndGlobalSection
EndGlobal
